
Microsoft Visual Studio Solution File, Format Version 12.00
# Visual Studio Version 16
VisualStudioVersion = 16.0.30413.136
MinimumVisualStudioVersion = 10.0.40219.1
Project("{9A19103F-16F7-4668-BE54-9A1E7A4F7556}") = "DataMunging", "DataMunging\DataMunging.csproj", "{A38F254F-FFA3-4D41-80B0-EBBDB21C37AF}"
EndProject
Project("{9A19103F-16F7-4668-BE54-9A1E7A4F7556}") = "DataMunging.Test", "DataMunging.Test\DataMunging.Test.csproj", "{A67EDF97-16E4-4F61-81F6-4553C6912206}"
EndProject
Project("{2150E333-8FDC-42A3-9474-1A3956D46DE8}") = "Solution Items", "Solution Items", "{C9F20031-4E5C-4FD4-9218-75C8F2A71C7C}"
	ProjectSection(SolutionItems) = preProject
		..\..\..\Downloads\weather.dat = ..\..\..\Downloads\weather.dat
	EndProjectSection
EndProject
Global
	GlobalSection(SolutionConfigurationPlatforms) = preSolution
		Debug|Any CPU = Debug|Any CPU
		Release|Any CPU = Release|Any CPU
	EndGlobalSection
	GlobalSection(ProjectConfigurationPlatforms) = postSolution
		{A38F254F-FFA3-4D41-80B0-EBBDB21C37AF}.Debug|Any CPU.ActiveCfg = Debug|Any CPU
		{A38F254F-FFA3-4D41-80B0-EBBDB21C37AF}.Debug|Any CPU.Build.0 = Debug|Any CPU
		{A38F254F-FFA3-4D41-80B0-EBBDB21C37AF}.Release|Any CPU.ActiveCfg = Release|Any CPU
		{A38F254F-FFA3-4D41-80B0-EBBDB21C37AF}.Release|Any CPU.Build.0 = Release|Any CPU
		{A67EDF97-16E4-4F61-81F6-4553C6912206}.Debug|Any CPU.ActiveCfg = Debug|Any CPU
		{A67EDF97-16E4-4F61-81F6-4553C6912206}.Debug|Any CPU.Build.0 = Debug|Any CPU
		{A67EDF97-16E4-4F61-81F6-4553C6912206}.Release|Any CPU.ActiveCfg = Release|Any CPU
		{A67EDF97-16E4-4F61-81F6-4553C6912206}.Release|Any CPU.Build.0 = Release|Any CPU
	EndGlobalSection
	GlobalSection(SolutionProperties) = preSolution
		HideSolutionNode = FALSE
	EndGlobalSection
	GlobalSection(ExtensibilityGlobals) = postSolution
		SolutionGuid = {EF78AB3C-2135-4340-9F97-53BD4904E76F}
	EndGlobalSection
EndGlobal
