
Microsoft Visual Studio Solution File, Format Version 12.00
# Visual Studio Version 16
VisualStudioVersion = 16.0.30413.136
MinimumVisualStudioVersion = 10.0.40219.1
Project("{FAE04EC0-301F-11D3-BF4B-00C04F79EFBC}") = "DataMunging", "DataMunging\DataMunging.csproj", "{A38F254F-FFA3-4D41-80B0-EBBDB21C37AF}"
EndProject
Project("{FAE04EC0-301F-11D3-BF4B-00C04F79EFBC}") = "DataMunging.Test", "DataMunging.Test\DataMunging.Test.csproj", "{A67EDF97-16E4-4F61-81F6-4553C6912206}"
EndProject
Global
	GlobalSection(SolutionConfigurationPlatforms) = preSolution
		Debug|Any CPU = Debug|Any CPU
		Release|Any CPU = Release|Any CPU
	EndGlobalSection
	GlobalSection(ProjectConfigurationPlatforms) = postSolution
		{A38F254F-FFA3-4D41-80B0-EBBDB21C37AF}.Debug|Any CPU.ActiveCfg = Debug|Any CPU
		{A38F254F-FFA3-4D41-80B0-EBBDB21C37AF}.Debug|Any CPU.Build.0 = Debug|Any CPU
		{A38F254F-FFA3-4D41-80B0-EBBDB21C37AF}.Release|Any CPU.ActiveCfg = Release|Any CPU
		{A38F254F-FFA3-4D41-80B0-EBBDB21C37AF}.Release|Any CPU.Build.0 = Release|Any CPU
		{A67EDF97-16E4-4F61-81F6-4553C6912206}.Debug|Any CPU.ActiveCfg = Debug|Any CPU
		{A67EDF97-16E4-4F61-81F6-4553C6912206}.Debug|Any CPU.Build.0 = Debug|Any CPU
		{A67EDF97-16E4-4F61-81F6-4553C6912206}.Release|Any CPU.ActiveCfg = Release|Any CPU
		{A67EDF97-16E4-4F61-81F6-4553C6912206}.Release|Any CPU.Build.0 = Release|Any CPU
	EndGlobalSection
	GlobalSection(SolutionProperties) = preSolution
		HideSolutionNode = FALSE
	EndGlobalSection
	GlobalSection(ExtensibilityGlobals) = postSolution
		SolutionGuid = {EF78AB3C-2135-4340-9F97-53BD4904E76F}
	EndGlobalSection
EndGlobal
